
Microsoft Visual Studio Solution File, Format Version 12.00
# Visual Studio Version 16
VisualStudioVersion = 16.0.29102.190
MinimumVisualStudioVersion = 10.0.40219.1
Project("{FAE04EC0-301F-11D3-BF4B-00C04F79EFBC}") = "MintPlayer.Web", "Web\MintPlayer.Web\MintPlayer.Web.csproj", "{0B37F58C-F009-4B21-90E9-39553F24233C}"
EndProject
Project("{2150E333-8FDC-42A3-9474-1A3956D46DE8}") = "Web", "Web", "{984A9E18-38EE-44B0-8603-D6A3285AC41E}"
EndProject
Project("{FAE04EC0-301F-11D3-BF4B-00C04F79EFBC}") = "MintPlayer.Data", "Web\MintPlayer.Data\MintPlayer.Data.csproj", "{7F829F79-E466-4F9D-BF81-551D49194BFE}"
EndProject
Global
	GlobalSection(SolutionConfigurationPlatforms) = preSolution
		Debug|Any CPU = Debug|Any CPU
		Release|Any CPU = Release|Any CPU
	EndGlobalSection
	GlobalSection(ProjectConfigurationPlatforms) = postSolution
		{0B37F58C-F009-4B21-90E9-39553F24233C}.Debug|Any CPU.ActiveCfg = Debug|Any CPU
		{0B37F58C-F009-4B21-90E9-39553F24233C}.Debug|Any CPU.Build.0 = Debug|Any CPU
		{0B37F58C-F009-4B21-90E9-39553F24233C}.Release|Any CPU.ActiveCfg = Release|Any CPU
		{0B37F58C-F009-4B21-90E9-39553F24233C}.Release|Any CPU.Build.0 = Release|Any CPU
		{7F829F79-E466-4F9D-BF81-551D49194BFE}.Debug|Any CPU.ActiveCfg = Debug|Any CPU
		{7F829F79-E466-4F9D-BF81-551D49194BFE}.Debug|Any CPU.Build.0 = Debug|Any CPU
		{7F829F79-E466-4F9D-BF81-551D49194BFE}.Release|Any CPU.ActiveCfg = Release|Any CPU
		{7F829F79-E466-4F9D-BF81-551D49194BFE}.Release|Any CPU.Build.0 = Release|Any CPU
	EndGlobalSection
	GlobalSection(SolutionProperties) = preSolution
		HideSolutionNode = FALSE
	EndGlobalSection
	GlobalSection(NestedProjects) = preSolution
		{0B37F58C-F009-4B21-90E9-39553F24233C} = {984A9E18-38EE-44B0-8603-D6A3285AC41E}
		{7F829F79-E466-4F9D-BF81-551D49194BFE} = {984A9E18-38EE-44B0-8603-D6A3285AC41E}
	EndGlobalSection
	GlobalSection(ExtensibilityGlobals) = postSolution
		SolutionGuid = {655DEA36-8270-4317-B1B7-7363B0CC715C}
	EndGlobalSection
EndGlobal
