
Microsoft Visual Studio Solution File, Format Version 12.00
# Visual Studio Version 16
VisualStudioVersion = 16.0.29613.14
MinimumVisualStudioVersion = 10.0.40219.1
Project("{2150E333-8FDC-42A3-9474-1A3956D46DE8}") = "Web", "Web", "{0F06F26D-ABA3-48CB-87A9-66A63D20CE10}"
EndProject
Project("{9A19103F-16F7-4668-BE54-9A1E7A4F7556}") = "MintPlayer.Web", "MP.Web\MintPlayer.Web.csproj", "{7B031640-46DA-4EAC-B60C-740BD3659FCE}"
EndProject
Project("{9A19103F-16F7-4668-BE54-9A1E7A4F7556}") = "MintPlayer.Data", "MP.Data\MintPlayer.Data.csproj", "{1387C4D2-9136-4F58-83B1-DD689742279D}"
EndProject
Project("{2150E333-8FDC-42A3-9474-1A3956D46DE8}") = "Crawler", "Crawler", "{A5DB56DA-ADE0-4049-AE02-45A04F5D90B4}"
EndProject
Project("{2150E333-8FDC-42A3-9474-1A3956D46DE8}") = "Fetcher", "Fetcher", "{825B6E61-1EA5-4881-9D5C-97EF93E2CEB9}"
EndProject
Project("{9A19103F-16F7-4668-BE54-9A1E7A4F7556}") = "MintPlayer.Fetcher", "MintPlayer.Fetcher\MintPlayer.Fetcher.csproj", "{BDCED4B3-1654-45BE-9FCF-36664556D4B8}"
EndProject
Project("{9A19103F-16F7-4668-BE54-9A1E7A4F7556}") = "MintPlayer.Fetcher.Genius", "MintPlayer.Fetcher.Genius\MintPlayer.Fetcher.Genius.csproj", "{A61F6968-2830-4E1C-9666-4818887EDEDF}"
EndProject
Project("{9A19103F-16F7-4668-BE54-9A1E7A4F7556}") = "MintPlayer.Fetcher.Test", "MintPlayer.Fetcher.Test\MintPlayer.Fetcher.Test.csproj", "{39AA74EC-3EDD-49B8-AF1F-DC8244128C86}"
EndProject
Project("{2150E333-8FDC-42A3-9474-1A3956D46DE8}") = "Platform", "Platform", "{7733F0E1-B5B0-4500-BC12-83C29FA80DAB}"
EndProject
Project("{9A19103F-16F7-4668-BE54-9A1E7A4F7556}") = "MintPlayer.Fetcher.Musixmatch", "MintPlayer.Fetcher.Musixmatch\MintPlayer.Fetcher.Musixmatch.csproj", "{5766671A-EE28-4DAB-A4C3-B5E3B3710A0D}"
EndProject
Project("{9A19103F-16F7-4668-BE54-9A1E7A4F7556}") = "MintPlayer.Fetcher.LyricsCom", "MintPlayer.Fetcher.LyricsCom\MintPlayer.Fetcher.LyricsCom.csproj", "{07FE7EC3-FC2E-4D6C-BCAB-AB4A1BA01F70}"
EndProject
Project("{9A19103F-16F7-4668-BE54-9A1E7A4F7556}") = "MintPlayer.Fetcher.SongtekstenNet", "MintPlayer.Fetcher.SongtekstenNet\MintPlayer.Fetcher.SongtekstenNet.csproj", "{00C436B2-EDC8-41CC-B5CB-307675656DB7}"
EndProject
Project("{9A19103F-16F7-4668-BE54-9A1E7A4F7556}") = "MintPlayer.Crawler", "MintPlayer.Crawler\MintPlayer.Crawler.csproj", "{C7F416D9-21FB-4E90-88F1-DA99ABF0EB68}"
EndProject
Project("{9A19103F-16F7-4668-BE54-9A1E7A4F7556}") = "MintPlayer.Crawler.Test", "MintPlayer.Crawler.Test\MintPlayer.Crawler.Test.csproj", "{DB880D69-CA95-4CF6-B97E-C79B70747879}"
EndProject
Project("{9A19103F-16F7-4668-BE54-9A1E7A4F7556}") = "MintPlayer.Crawler.Data", "MintPlayer.Crawler.Data\MintPlayer.Crawler.Data.csproj", "{CBFA1497-61ED-4605-80F7-116F6169572D}"
EndProject
Project("{9A19103F-16F7-4668-BE54-9A1E7A4F7556}") = "MintPlayer.Fetcher.SongMeanings", "MintPlayer.Fetcher.SongMeanings\MintPlayer.Fetcher.SongMeanings.csproj", "{4EF71E5B-EDDC-4CBB-AF16-49BCBEB8AF76}"
EndProject
Project("{9A19103F-16F7-4668-BE54-9A1E7A4F7556}") = "MintPlayer.Fetcher.AZLyrics", "MintPlayer.Fetcher.AZLyrics\MintPlayer.Fetcher.AZLyrics.csproj", "{81EB725C-D87E-4AFE-BB7E-7F6B33464B24}"
EndProject
Project("{9A19103F-16F7-4668-BE54-9A1E7A4F7556}") = "MintPlayer.Fetcher.SongLyrics", "MintPlayer.Fetcher.SongLyrics\MintPlayer.Fetcher.SongLyrics.csproj", "{AF9432B6-9F5C-4D22-A66E-CEEB6BDE78D7}"
EndProject
Project("{9A19103F-16F7-4668-BE54-9A1E7A4F7556}") = "MintPlayer.Fetcher.LoloLyrics", "MintPlayer.Fetcher.LoloLyrics\MintPlayer.Fetcher.LoloLyrics.csproj", "{5FB5D561-018A-41AD-8C92-C507C597C0CC}"
EndProject
Project("{9A19103F-16F7-4668-BE54-9A1E7A4F7556}") = "MintPlayer.Fetcher.Muzikum", "MintPlayer.Fetcher.Muzikum\MintPlayer.Fetcher.Muzikum.csproj", "{1207A08F-9D50-4871-97FA-0F7D11AC1DAF}"
EndProject
Project("{2150E333-8FDC-42A3-9474-1A3956D46DE8}") = "Client", "Client", "{576021EB-46E6-4ACF-8EC6-E24472F8EDF6}"
EndProject
Project("{9A19103F-16F7-4668-BE54-9A1E7A4F7556}") = "MintPlayer.Client", "MintPlayer.Client\MintPlayer.Client.csproj", "{773C92D2-B0C8-4825-9A3B-C68C68A6781D}"
EndProject
Project("{9A19103F-16F7-4668-BE54-9A1E7A4F7556}") = "MintPlayer.Dtos", "MintPlayer.Dtos\MintPlayer.Dtos.csproj", "{F508DF66-A2A3-4F1B-8534-0AB16E9128FB}"
EndProject
Project("{9A19103F-16F7-4668-BE54-9A1E7A4F7556}") = "MintPlayer.RestClient", "MintPlayer.RestClient\MintPlayer.RestClient.csproj", "{93DEF304-DE20-45FB-9B1B-A39BE532CF4E}"
EndProject
Project("{9A19103F-16F7-4668-BE54-9A1E7A4F7556}") = "MintPlayer.RestClient.Test", "MintPlayer.RestClient.Test\MintPlayer.RestClient.Test.csproj", "{30AA5193-7656-4522-B32B-7053232C83A2}"
EndProject
Global
	GlobalSection(SolutionConfigurationPlatforms) = preSolution
		Debug|Any CPU = Debug|Any CPU
		Release|Any CPU = Release|Any CPU
	EndGlobalSection
	GlobalSection(ProjectConfigurationPlatforms) = postSolution
		{7B031640-46DA-4EAC-B60C-740BD3659FCE}.Debug|Any CPU.ActiveCfg = Debug|Any CPU
		{7B031640-46DA-4EAC-B60C-740BD3659FCE}.Debug|Any CPU.Build.0 = Debug|Any CPU
		{7B031640-46DA-4EAC-B60C-740BD3659FCE}.Release|Any CPU.ActiveCfg = Release|Any CPU
		{7B031640-46DA-4EAC-B60C-740BD3659FCE}.Release|Any CPU.Build.0 = Release|Any CPU
		{1387C4D2-9136-4F58-83B1-DD689742279D}.Debug|Any CPU.ActiveCfg = Debug|Any CPU
		{1387C4D2-9136-4F58-83B1-DD689742279D}.Debug|Any CPU.Build.0 = Debug|Any CPU
		{1387C4D2-9136-4F58-83B1-DD689742279D}.Release|Any CPU.ActiveCfg = Release|Any CPU
		{1387C4D2-9136-4F58-83B1-DD689742279D}.Release|Any CPU.Build.0 = Release|Any CPU
		{BDCED4B3-1654-45BE-9FCF-36664556D4B8}.Debug|Any CPU.ActiveCfg = Debug|Any CPU
		{BDCED4B3-1654-45BE-9FCF-36664556D4B8}.Debug|Any CPU.Build.0 = Debug|Any CPU
		{BDCED4B3-1654-45BE-9FCF-36664556D4B8}.Release|Any CPU.ActiveCfg = Release|Any CPU
		{BDCED4B3-1654-45BE-9FCF-36664556D4B8}.Release|Any CPU.Build.0 = Release|Any CPU
		{A61F6968-2830-4E1C-9666-4818887EDEDF}.Debug|Any CPU.ActiveCfg = Debug|Any CPU
		{A61F6968-2830-4E1C-9666-4818887EDEDF}.Debug|Any CPU.Build.0 = Debug|Any CPU
		{A61F6968-2830-4E1C-9666-4818887EDEDF}.Release|Any CPU.ActiveCfg = Release|Any CPU
		{A61F6968-2830-4E1C-9666-4818887EDEDF}.Release|Any CPU.Build.0 = Release|Any CPU
		{39AA74EC-3EDD-49B8-AF1F-DC8244128C86}.Debug|Any CPU.ActiveCfg = Debug|Any CPU
		{39AA74EC-3EDD-49B8-AF1F-DC8244128C86}.Debug|Any CPU.Build.0 = Debug|Any CPU
		{39AA74EC-3EDD-49B8-AF1F-DC8244128C86}.Release|Any CPU.ActiveCfg = Release|Any CPU
		{39AA74EC-3EDD-49B8-AF1F-DC8244128C86}.Release|Any CPU.Build.0 = Release|Any CPU
		{5766671A-EE28-4DAB-A4C3-B5E3B3710A0D}.Debug|Any CPU.ActiveCfg = Debug|Any CPU
		{5766671A-EE28-4DAB-A4C3-B5E3B3710A0D}.Debug|Any CPU.Build.0 = Debug|Any CPU
		{5766671A-EE28-4DAB-A4C3-B5E3B3710A0D}.Release|Any CPU.ActiveCfg = Release|Any CPU
		{5766671A-EE28-4DAB-A4C3-B5E3B3710A0D}.Release|Any CPU.Build.0 = Release|Any CPU
		{07FE7EC3-FC2E-4D6C-BCAB-AB4A1BA01F70}.Debug|Any CPU.ActiveCfg = Debug|Any CPU
		{07FE7EC3-FC2E-4D6C-BCAB-AB4A1BA01F70}.Debug|Any CPU.Build.0 = Debug|Any CPU
		{07FE7EC3-FC2E-4D6C-BCAB-AB4A1BA01F70}.Release|Any CPU.ActiveCfg = Release|Any CPU
		{07FE7EC3-FC2E-4D6C-BCAB-AB4A1BA01F70}.Release|Any CPU.Build.0 = Release|Any CPU
		{00C436B2-EDC8-41CC-B5CB-307675656DB7}.Debug|Any CPU.ActiveCfg = Debug|Any CPU
		{00C436B2-EDC8-41CC-B5CB-307675656DB7}.Debug|Any CPU.Build.0 = Debug|Any CPU
		{00C436B2-EDC8-41CC-B5CB-307675656DB7}.Release|Any CPU.ActiveCfg = Release|Any CPU
		{00C436B2-EDC8-41CC-B5CB-307675656DB7}.Release|Any CPU.Build.0 = Release|Any CPU
		{C7F416D9-21FB-4E90-88F1-DA99ABF0EB68}.Debug|Any CPU.ActiveCfg = Debug|Any CPU
		{C7F416D9-21FB-4E90-88F1-DA99ABF0EB68}.Debug|Any CPU.Build.0 = Debug|Any CPU
		{C7F416D9-21FB-4E90-88F1-DA99ABF0EB68}.Release|Any CPU.ActiveCfg = Release|Any CPU
		{C7F416D9-21FB-4E90-88F1-DA99ABF0EB68}.Release|Any CPU.Build.0 = Release|Any CPU
		{DB880D69-CA95-4CF6-B97E-C79B70747879}.Debug|Any CPU.ActiveCfg = Debug|Any CPU
		{DB880D69-CA95-4CF6-B97E-C79B70747879}.Debug|Any CPU.Build.0 = Debug|Any CPU
		{DB880D69-CA95-4CF6-B97E-C79B70747879}.Release|Any CPU.ActiveCfg = Release|Any CPU
		{DB880D69-CA95-4CF6-B97E-C79B70747879}.Release|Any CPU.Build.0 = Release|Any CPU
		{CBFA1497-61ED-4605-80F7-116F6169572D}.Debug|Any CPU.ActiveCfg = Debug|Any CPU
		{CBFA1497-61ED-4605-80F7-116F6169572D}.Debug|Any CPU.Build.0 = Debug|Any CPU
		{CBFA1497-61ED-4605-80F7-116F6169572D}.Release|Any CPU.ActiveCfg = Release|Any CPU
		{CBFA1497-61ED-4605-80F7-116F6169572D}.Release|Any CPU.Build.0 = Release|Any CPU
		{4EF71E5B-EDDC-4CBB-AF16-49BCBEB8AF76}.Debug|Any CPU.ActiveCfg = Debug|Any CPU
		{4EF71E5B-EDDC-4CBB-AF16-49BCBEB8AF76}.Debug|Any CPU.Build.0 = Debug|Any CPU
		{4EF71E5B-EDDC-4CBB-AF16-49BCBEB8AF76}.Release|Any CPU.ActiveCfg = Release|Any CPU
		{4EF71E5B-EDDC-4CBB-AF16-49BCBEB8AF76}.Release|Any CPU.Build.0 = Release|Any CPU
		{81EB725C-D87E-4AFE-BB7E-7F6B33464B24}.Debug|Any CPU.ActiveCfg = Debug|Any CPU
		{81EB725C-D87E-4AFE-BB7E-7F6B33464B24}.Debug|Any CPU.Build.0 = Debug|Any CPU
		{81EB725C-D87E-4AFE-BB7E-7F6B33464B24}.Release|Any CPU.ActiveCfg = Release|Any CPU
		{81EB725C-D87E-4AFE-BB7E-7F6B33464B24}.Release|Any CPU.Build.0 = Release|Any CPU
		{AF9432B6-9F5C-4D22-A66E-CEEB6BDE78D7}.Debug|Any CPU.ActiveCfg = Debug|Any CPU
		{AF9432B6-9F5C-4D22-A66E-CEEB6BDE78D7}.Debug|Any CPU.Build.0 = Debug|Any CPU
		{AF9432B6-9F5C-4D22-A66E-CEEB6BDE78D7}.Release|Any CPU.ActiveCfg = Release|Any CPU
		{AF9432B6-9F5C-4D22-A66E-CEEB6BDE78D7}.Release|Any CPU.Build.0 = Release|Any CPU
		{5FB5D561-018A-41AD-8C92-C507C597C0CC}.Debug|Any CPU.ActiveCfg = Debug|Any CPU
		{5FB5D561-018A-41AD-8C92-C507C597C0CC}.Debug|Any CPU.Build.0 = Debug|Any CPU
		{5FB5D561-018A-41AD-8C92-C507C597C0CC}.Release|Any CPU.ActiveCfg = Release|Any CPU
		{5FB5D561-018A-41AD-8C92-C507C597C0CC}.Release|Any CPU.Build.0 = Release|Any CPU
		{1207A08F-9D50-4871-97FA-0F7D11AC1DAF}.Debug|Any CPU.ActiveCfg = Debug|Any CPU
		{1207A08F-9D50-4871-97FA-0F7D11AC1DAF}.Debug|Any CPU.Build.0 = Debug|Any CPU
		{1207A08F-9D50-4871-97FA-0F7D11AC1DAF}.Release|Any CPU.ActiveCfg = Release|Any CPU
		{1207A08F-9D50-4871-97FA-0F7D11AC1DAF}.Release|Any CPU.Build.0 = Release|Any CPU
		{773C92D2-B0C8-4825-9A3B-C68C68A6781D}.Debug|Any CPU.ActiveCfg = Debug|Any CPU
		{773C92D2-B0C8-4825-9A3B-C68C68A6781D}.Debug|Any CPU.Build.0 = Debug|Any CPU
		{773C92D2-B0C8-4825-9A3B-C68C68A6781D}.Release|Any CPU.ActiveCfg = Release|Any CPU
		{773C92D2-B0C8-4825-9A3B-C68C68A6781D}.Release|Any CPU.Build.0 = Release|Any CPU
		{F508DF66-A2A3-4F1B-8534-0AB16E9128FB}.Debug|Any CPU.ActiveCfg = Debug|Any CPU
		{F508DF66-A2A3-4F1B-8534-0AB16E9128FB}.Debug|Any CPU.Build.0 = Debug|Any CPU
		{F508DF66-A2A3-4F1B-8534-0AB16E9128FB}.Release|Any CPU.ActiveCfg = Release|Any CPU
		{F508DF66-A2A3-4F1B-8534-0AB16E9128FB}.Release|Any CPU.Build.0 = Release|Any CPU
		{93DEF304-DE20-45FB-9B1B-A39BE532CF4E}.Debug|Any CPU.ActiveCfg = Debug|Any CPU
		{93DEF304-DE20-45FB-9B1B-A39BE532CF4E}.Debug|Any CPU.Build.0 = Debug|Any CPU
		{93DEF304-DE20-45FB-9B1B-A39BE532CF4E}.Release|Any CPU.ActiveCfg = Release|Any CPU
		{93DEF304-DE20-45FB-9B1B-A39BE532CF4E}.Release|Any CPU.Build.0 = Release|Any CPU
		{30AA5193-7656-4522-B32B-7053232C83A2}.Debug|Any CPU.ActiveCfg = Debug|Any CPU
		{30AA5193-7656-4522-B32B-7053232C83A2}.Debug|Any CPU.Build.0 = Debug|Any CPU
		{30AA5193-7656-4522-B32B-7053232C83A2}.Release|Any CPU.ActiveCfg = Release|Any CPU
		{30AA5193-7656-4522-B32B-7053232C83A2}.Release|Any CPU.Build.0 = Release|Any CPU
	EndGlobalSection
	GlobalSection(SolutionProperties) = preSolution
		HideSolutionNode = FALSE
	EndGlobalSection
	GlobalSection(NestedProjects) = preSolution
		{7B031640-46DA-4EAC-B60C-740BD3659FCE} = {0F06F26D-ABA3-48CB-87A9-66A63D20CE10}
		{1387C4D2-9136-4F58-83B1-DD689742279D} = {0F06F26D-ABA3-48CB-87A9-66A63D20CE10}
		{BDCED4B3-1654-45BE-9FCF-36664556D4B8} = {825B6E61-1EA5-4881-9D5C-97EF93E2CEB9}
		{A61F6968-2830-4E1C-9666-4818887EDEDF} = {7733F0E1-B5B0-4500-BC12-83C29FA80DAB}
		{39AA74EC-3EDD-49B8-AF1F-DC8244128C86} = {825B6E61-1EA5-4881-9D5C-97EF93E2CEB9}
		{7733F0E1-B5B0-4500-BC12-83C29FA80DAB} = {825B6E61-1EA5-4881-9D5C-97EF93E2CEB9}
		{5766671A-EE28-4DAB-A4C3-B5E3B3710A0D} = {7733F0E1-B5B0-4500-BC12-83C29FA80DAB}
		{07FE7EC3-FC2E-4D6C-BCAB-AB4A1BA01F70} = {7733F0E1-B5B0-4500-BC12-83C29FA80DAB}
		{00C436B2-EDC8-41CC-B5CB-307675656DB7} = {7733F0E1-B5B0-4500-BC12-83C29FA80DAB}
		{C7F416D9-21FB-4E90-88F1-DA99ABF0EB68} = {A5DB56DA-ADE0-4049-AE02-45A04F5D90B4}
		{DB880D69-CA95-4CF6-B97E-C79B70747879} = {A5DB56DA-ADE0-4049-AE02-45A04F5D90B4}
		{CBFA1497-61ED-4605-80F7-116F6169572D} = {A5DB56DA-ADE0-4049-AE02-45A04F5D90B4}
		{4EF71E5B-EDDC-4CBB-AF16-49BCBEB8AF76} = {7733F0E1-B5B0-4500-BC12-83C29FA80DAB}
		{81EB725C-D87E-4AFE-BB7E-7F6B33464B24} = {7733F0E1-B5B0-4500-BC12-83C29FA80DAB}
		{AF9432B6-9F5C-4D22-A66E-CEEB6BDE78D7} = {7733F0E1-B5B0-4500-BC12-83C29FA80DAB}
		{5FB5D561-018A-41AD-8C92-C507C597C0CC} = {7733F0E1-B5B0-4500-BC12-83C29FA80DAB}
		{1207A08F-9D50-4871-97FA-0F7D11AC1DAF} = {7733F0E1-B5B0-4500-BC12-83C29FA80DAB}
		{773C92D2-B0C8-4825-9A3B-C68C68A6781D} = {576021EB-46E6-4ACF-8EC6-E24472F8EDF6}
		{F508DF66-A2A3-4F1B-8534-0AB16E9128FB} = {0F06F26D-ABA3-48CB-87A9-66A63D20CE10}
	EndGlobalSection
	GlobalSection(ExtensibilityGlobals) = postSolution
		SolutionGuid = {5E212556-4D7B-4A49-A150-1E2293727B26}
	EndGlobalSection
EndGlobal
